// !$*UTF8*$!
{
	archiveVersion = 1;
	classes = {
	};
	objectVersion = 50;
	objects = {

/* Begin PBXBuildFile section */
		3507822C22995AE500CC8E6E /* TodoTableViewCell.swift in Sources */ = {isa = PBXBuildFile; fileRef = 3507822B22995AE500CC8E6E /* TodoTableViewCell.swift */; };
		3507BBD5229AA7FC00CC5EC6 /* TodoDetailViewController.swift in Sources */ = {isa = PBXBuildFile; fileRef = 3507BBD4229AA7FC00CC5EC6 /* TodoDetailViewController.swift */; };
		350D7AE422966D6500D6A02A /* CategoryListViewController.swift in Sources */ = {isa = PBXBuildFile; fileRef = 350D7AE322966D6500D6A02A /* CategoryListViewController.swift */; };
		350D7AE622966E1700D6A02A /* CategoryController.swift in Sources */ = {isa = PBXBuildFile; fileRef = 350D7AE522966E1700D6A02A /* CategoryController.swift */; };
		350D7AE8229675C700D6A02A /* TodoItem.swift in Sources */ = {isa = PBXBuildFile; fileRef = 350D7AE7229675C700D6A02A /* TodoItem.swift */; };
		350D7AEC2296777400D6A02A /* TodoList.swift in Sources */ = {isa = PBXBuildFile; fileRef = 350D7AEB2296777400D6A02A /* TodoList.swift */; };
		3557CFDE2292ACB40024F0D5 /* AppDelegate.swift in Sources */ = {isa = PBXBuildFile; fileRef = 3557CFDD2292ACB40024F0D5 /* AppDelegate.swift */; };
		3557CFE02292ACB40024F0D5 /* HomeController.swift in Sources */ = {isa = PBXBuildFile; fileRef = 3557CFDF2292ACB40024F0D5 /* HomeController.swift */; };
		3557CFE32292ACB40024F0D5 /* Main.storyboard in Resources */ = {isa = PBXBuildFile; fileRef = 3557CFE12292ACB40024F0D5 /* Main.storyboard */; };
		3557CFE52292ACB50024F0D5 /* Assets.xcassets in Resources */ = {isa = PBXBuildFile; fileRef = 3557CFE42292ACB50024F0D5 /* Assets.xcassets */; };
		3557CFE82292ACB50024F0D5 /* LaunchScreen.storyboard in Resources */ = {isa = PBXBuildFile; fileRef = 3557CFE62292ACB50024F0D5 /* LaunchScreen.storyboard */; };
		3557CFF62292B6180024F0D5 /* AddItemController.swift in Sources */ = {isa = PBXBuildFile; fileRef = 3557CFF52292B6180024F0D5 /* AddItemController.swift */; };
		3557CFF82292C8CE0024F0D5 /* Priority.swift in Sources */ = {isa = PBXBuildFile; fileRef = 3557CFF72292C8CE0024F0D5 /* Priority.swift */; };
		5961DDDB229C1DBB006481AA /* CategoryTableViewCell.swift in Sources */ = {isa = PBXBuildFile; fileRef = 5961DDDA229C1DBB006481AA /* CategoryTableViewCell.swift */; };
		5961DDDF229C1EBC006481AA /* Category.swift in Sources */ = {isa = PBXBuildFile; fileRef = 5961DDDE229C1EBC006481AA /* Category.swift */; };
/* End PBXBuildFile section */

/* Begin PBXFileReference section */
		3507822B22995AE500CC8E6E /* TodoTableViewCell.swift */ = {isa = PBXFileReference; lastKnownFileType = sourcecode.swift; path = TodoTableViewCell.swift; sourceTree = "<group>"; };
		3507BBD4229AA7FC00CC5EC6 /* TodoDetailViewController.swift */ = {isa = PBXFileReference; lastKnownFileType = sourcecode.swift; path = TodoDetailViewController.swift; sourceTree = "<group>"; };
		350D7AE322966D6500D6A02A /* CategoryListViewController.swift */ = {isa = PBXFileReference; lastKnownFileType = sourcecode.swift; path = CategoryListViewController.swift; sourceTree = "<group>"; };
		350D7AE522966E1700D6A02A /* CategoryController.swift */ = {isa = PBXFileReference; lastKnownFileType = sourcecode.swift; path = CategoryController.swift; sourceTree = "<group>"; };
		350D7AE7229675C700D6A02A /* TodoItem.swift */ = {isa = PBXFileReference; lastKnownFileType = sourcecode.swift; path = TodoItem.swift; sourceTree = "<group>"; };
		350D7AEB2296777400D6A02A /* TodoList.swift */ = {isa = PBXFileReference; lastKnownFileType = sourcecode.swift; path = TodoList.swift; sourceTree = "<group>"; };
		3557CFDA2292ACB40024F0D5 /* List_Master.app */ = {isa = PBXFileReference; explicitFileType = wrapper.application; includeInIndex = 0; path = List_Master.app; sourceTree = BUILT_PRODUCTS_DIR; };
		3557CFDD2292ACB40024F0D5 /* AppDelegate.swift */ = {isa = PBXFileReference; lastKnownFileType = sourcecode.swift; path = AppDelegate.swift; sourceTree = "<group>"; };
		3557CFDF2292ACB40024F0D5 /* HomeController.swift */ = {isa = PBXFileReference; lastKnownFileType = sourcecode.swift; path = HomeController.swift; sourceTree = "<group>"; };
		3557CFE22292ACB40024F0D5 /* Base */ = {isa = PBXFileReference; lastKnownFileType = file.storyboard; name = Base; path = Base.lproj/Main.storyboard; sourceTree = "<group>"; };
		3557CFE42292ACB50024F0D5 /* Assets.xcassets */ = {isa = PBXFileReference; lastKnownFileType = folder.assetcatalog; path = Assets.xcassets; sourceTree = "<group>"; };
		3557CFE72292ACB50024F0D5 /* Base */ = {isa = PBXFileReference; lastKnownFileType = file.storyboard; name = Base; path = Base.lproj/LaunchScreen.storyboard; sourceTree = "<group>"; };
		3557CFE92292ACB50024F0D5 /* Info.plist */ = {isa = PBXFileReference; lastKnownFileType = text.plist.xml; path = Info.plist; sourceTree = "<group>"; };
		3557CFF52292B6180024F0D5 /* AddItemController.swift */ = {isa = PBXFileReference; lastKnownFileType = sourcecode.swift; path = AddItemController.swift; sourceTree = "<group>"; };
		3557CFF72292C8CE0024F0D5 /* Priority.swift */ = {isa = PBXFileReference; lastKnownFileType = sourcecode.swift; path = Priority.swift; sourceTree = "<group>"; };
		5961DDDA229C1DBB006481AA /* CategoryTableViewCell.swift */ = {isa = PBXFileReference; lastKnownFileType = sourcecode.swift; path = CategoryTableViewCell.swift; sourceTree = "<group>"; };
		5961DDDE229C1EBC006481AA /* Category.swift */ = {isa = PBXFileReference; lastKnownFileType = sourcecode.swift; path = Category.swift; sourceTree = "<group>"; };
/* End PBXFileReference section */

/* Begin PBXFrameworksBuildPhase section */
		3557CFD72292ACB40024F0D5 /* Frameworks */ = {
			isa = PBXFrameworksBuildPhase;
			buildActionMask = 2147483647;
			files = (
			);
			runOnlyForDeploymentPostprocessing = 0;
		};
/* End PBXFrameworksBuildPhase section */

/* Begin PBXGroup section */
		3507822D2299667500CC8E6E /* HomeView */ = {
			isa = PBXGroup;
			children = (
				3557CFDF2292ACB40024F0D5 /* HomeController.swift */,
				3507822B22995AE500CC8E6E /* TodoTableViewCell.swift */,
			);
			path = HomeView;
			sourceTree = "<group>";
		};
		3507822E2299669100CC8E6E /* AddItemView */ = {
			isa = PBXGroup;
			children = (
				3557CFF52292B6180024F0D5 /* AddItemController.swift */,
			);
			path = AddItemView;
			sourceTree = "<group>";
		};
		35078230229966AE00CC8E6E /* ItemDetailView */ = {
			isa = PBXGroup;
			children = (
			);
			path = ItemDetailView;
			sourceTree = "<group>";
		};
		35078231229966E000CC8E6E /* Model */ = {
			isa = PBXGroup;
			children = (
				5961DDDE229C1EBC006481AA /* Category.swift */,
				350D7AEB2296777400D6A02A /* TodoList.swift */,
				350D7AE7229675C700D6A02A /* TodoItem.swift */,
				3557CFF72292C8CE0024F0D5 /* Priority.swift */,
			);
			path = Model;
			sourceTree = "<group>";
		};
		3507BBD3229AA7DB00CC5EC6 /* TodoDetailView */ = {
			isa = PBXGroup;
			children = (
				3507BBD4229AA7FC00CC5EC6 /* TodoDetailViewController.swift */,
			);
			path = TodoDetailView;
			sourceTree = "<group>";
		};
		3557CFD12292ACB40024F0D5 = {
			isa = PBXGroup;
			children = (
				3557CFDC2292ACB40024F0D5 /* List_Master */,
				3557CFDB2292ACB40024F0D5 /* Products */,
			);
			sourceTree = "<group>";
		};
		3557CFDB2292ACB40024F0D5 /* Products */ = {
			isa = PBXGroup;
			children = (
				3557CFDA2292ACB40024F0D5 /* List_Master.app */,
			);
			name = Products;
			sourceTree = "<group>";
		};
		3557CFDC2292ACB40024F0D5 /* List_Master */ = {
			isa = PBXGroup;
			children = (
				3507BBD3229AA7DB00CC5EC6 /* TodoDetailView */,
				35078231229966E000CC8E6E /* Model */,
				35078230229966AE00CC8E6E /* ItemDetailView */,
				3507822E2299669100CC8E6E /* AddItemView */,
				3507822D2299667500CC8E6E /* HomeView */,
				3557CFDD2292ACB40024F0D5 /* AppDelegate.swift */,
				3557CFE12292ACB40024F0D5 /* Main.storyboard */,
				3557CFE42292ACB50024F0D5 /* Assets.xcassets */,
				3557CFE62292ACB50024F0D5 /* LaunchScreen.storyboard */,
				3557CFE92292ACB50024F0D5 /* Info.plist */,
				350D7AE322966D6500D6A02A /* CategoryListViewController.swift */,
				5961DDDA229C1DBB006481AA /* CategoryTableViewCell.swift */,
				350D7AE522966E1700D6A02A /* CategoryController.swift */,
			);
			path = List_Master;
			sourceTree = "<group>";
		};
/* End PBXGroup section */

/* Begin PBXNativeTarget section */
		3557CFD92292ACB40024F0D5 /* List_Master */ = {
			isa = PBXNativeTarget;
			buildConfigurationList = 3557CFEC2292ACB50024F0D5 /* Build configuration list for PBXNativeTarget "List_Master" */;
			buildPhases = (
				3557CFD62292ACB40024F0D5 /* Sources */,
				3557CFD72292ACB40024F0D5 /* Frameworks */,
				3557CFD82292ACB40024F0D5 /* Resources */,
			);
			buildRules = (
			);
			dependencies = (
			);
			name = List_Master;
			productName = List_Master;
			productReference = 3557CFDA2292ACB40024F0D5 /* List_Master.app */;
			productType = "com.apple.product-type.application";
		};
/* End PBXNativeTarget section */

/* Begin PBXProject section */
		3557CFD22292ACB40024F0D5 /* Project object */ = {
			isa = PBXProject;
			attributes = {
				LastSwiftUpdateCheck = 1020;
				LastUpgradeCheck = 1020;
				ORGANIZATIONNAME = au.edu.uts;
				TargetAttributes = {
					3557CFD92292ACB40024F0D5 = {
						CreatedOnToolsVersion = 10.2.1;
					};
				};
			};
			buildConfigurationList = 3557CFD52292ACB40024F0D5 /* Build configuration list for PBXProject "List_Master" */;
			compatibilityVersion = "Xcode 9.3";
			developmentRegion = en;
			hasScannedForEncodings = 0;
			knownRegions = (
				en,
				Base,
			);
			mainGroup = 3557CFD12292ACB40024F0D5;
			productRefGroup = 3557CFDB2292ACB40024F0D5 /* Products */;
			projectDirPath = "";
			projectRoot = "";
			targets = (
				3557CFD92292ACB40024F0D5 /* List_Master */,
			);
		};
/* End PBXProject section */

/* Begin PBXResourcesBuildPhase section */
		3557CFD82292ACB40024F0D5 /* Resources */ = {
			isa = PBXResourcesBuildPhase;
			buildActionMask = 2147483647;
			files = (
				3557CFE82292ACB50024F0D5 /* LaunchScreen.storyboard in Resources */,
				3557CFE52292ACB50024F0D5 /* Assets.xcassets in Resources */,
				3557CFE32292ACB40024F0D5 /* Main.storyboard in Resources */,
			);
			runOnlyForDeploymentPostprocessing = 0;
		};
/* End PBXResourcesBuildPhase section */

/* Begin PBXSourcesBuildPhase section */
		3557CFD62292ACB40024F0D5 /* Sources */ = {
			isa = PBXSourcesBuildPhase;
			buildActionMask = 2147483647;
			files = (
				350D7AE8229675C700D6A02A /* TodoItem.swift in Sources */,
				350D7AE422966D6500D6A02A /* CategoryListViewController.swift in Sources */,
				3557CFF62292B6180024F0D5 /* AddItemController.swift in Sources */,
				3507822C22995AE500CC8E6E /* TodoTableViewCell.swift in Sources */,
				350D7AEC2296777400D6A02A /* TodoList.swift in Sources */,
				3507BBD5229AA7FC00CC5EC6 /* TodoDetailViewController.swift in Sources */,
				3557CFE02292ACB40024F0D5 /* HomeController.swift in Sources */,
				3557CFDE2292ACB40024F0D5 /* AppDelegate.swift in Sources */,
				3557CFF82292C8CE0024F0D5 /* Priority.swift in Sources */,
				350D7AE622966E1700D6A02A /* CategoryController.swift in Sources */,
				5961DDDF229C1EBC006481AA /* Category.swift in Sources */,
			);
			runOnlyForDeploymentPostprocessing = 0;
		};
/* End PBXSourcesBuildPhase section */

/* Begin PBXVariantGroup section */
		3557CFE12292ACB40024F0D5 /* Main.storyboard */ = {
			isa = PBXVariantGroup;
			children = (
				3557CFE22292ACB40024F0D5 /* Base */,
			);
			name = Main.storyboard;
			sourceTree = "<group>";
		};
		3557CFE62292ACB50024F0D5 /* LaunchScreen.storyboard */ = {
			isa = PBXVariantGroup;
			children = (
				3557CFE72292ACB50024F0D5 /* Base */,
			);
			name = LaunchScreen.storyboard;
			sourceTree = "<group>";
		};
/* End PBXVariantGroup section */

/* Begin XCBuildConfiguration section */
		3557CFEA2292ACB50024F0D5 /* Debug */ = {
			isa = XCBuildConfiguration;
			buildSettings = {
				ALWAYS_SEARCH_USER_PATHS = NO;
				CLANG_ANALYZER_NONNULL = YES;
				CLANG_ANALYZER_NUMBER_OBJECT_CONVERSION = YES_AGGRESSIVE;
				CLANG_CXX_LANGUAGE_STANDARD = "gnu++14";
				CLANG_CXX_LIBRARY = "libc++";
				CLANG_ENABLE_MODULES = YES;
				CLANG_ENABLE_OBJC_ARC = YES;
				CLANG_ENABLE_OBJC_WEAK = YES;
				CLANG_WARN_BLOCK_CAPTURE_AUTORELEASING = YES;
				CLANG_WARN_BOOL_CONVERSION = YES;
				CLANG_WARN_COMMA = YES;
				CLANG_WARN_CONSTANT_CONVERSION = YES;
				CLANG_WARN_DEPRECATED_OBJC_IMPLEMENTATIONS = YES;
				CLANG_WARN_DIRECT_OBJC_ISA_USAGE = YES_ERROR;
				CLANG_WARN_DOCUMENTATION_COMMENTS = YES;
				CLANG_WARN_EMPTY_BODY = YES;
				CLANG_WARN_ENUM_CONVERSION = YES;
				CLANG_WARN_INFINITE_RECURSION = YES;
				CLANG_WARN_INT_CONVERSION = YES;
				CLANG_WARN_NON_LITERAL_NULL_CONVERSION = YES;
				CLANG_WARN_OBJC_IMPLICIT_RETAIN_SELF = YES;
				CLANG_WARN_OBJC_LITERAL_CONVERSION = YES;
				CLANG_WARN_OBJC_ROOT_CLASS = YES_ERROR;
				CLANG_WARN_RANGE_LOOP_ANALYSIS = YES;
				CLANG_WARN_STRICT_PROTOTYPES = YES;
				CLANG_WARN_SUSPICIOUS_MOVE = YES;
				CLANG_WARN_UNGUARDED_AVAILABILITY = YES_AGGRESSIVE;
				CLANG_WARN_UNREACHABLE_CODE = YES;
				CLANG_WARN__DUPLICATE_METHOD_MATCH = YES;
				CODE_SIGN_IDENTITY = "iPhone Developer";
				COPY_PHASE_STRIP = NO;
				DEBUG_INFORMATION_FORMAT = dwarf;
				ENABLE_STRICT_OBJC_MSGSEND = YES;
				ENABLE_TESTABILITY = YES;
				GCC_C_LANGUAGE_STANDARD = gnu11;
				GCC_DYNAMIC_NO_PIC = NO;
				GCC_NO_COMMON_BLOCKS = YES;
				GCC_OPTIMIZATION_LEVEL = 0;
				GCC_PREPROCESSOR_DEFINITIONS = (
					"DEBUG=1",
					"$(inherited)",
				);
				GCC_WARN_64_TO_32_BIT_CONVERSION = YES;
				GCC_WARN_ABOUT_RETURN_TYPE = YES_ERROR;
				GCC_WARN_UNDECLARED_SELECTOR = YES;
				GCC_WARN_UNINITIALIZED_AUTOS = YES_AGGRESSIVE;
				GCC_WARN_UNUSED_FUNCTION = YES;
				GCC_WARN_UNUSED_VARIABLE = YES;
				IPHONEOS_DEPLOYMENT_TARGET = 12.2;
				MTL_ENABLE_DEBUG_INFO = INCLUDE_SOURCE;
				MTL_FAST_MATH = YES;
				ONLY_ACTIVE_ARCH = YES;
				SDKROOT = iphoneos;
				SWIFT_ACTIVE_COMPILATION_CONDITIONS = DEBUG;
				SWIFT_OPTIMIZATION_LEVEL = "-Onone";
			};
			name = Debug;
		};
		3557CFEB2292ACB50024F0D5 /* Release */ = {
			isa = XCBuildConfiguration;
			buildSettings = {
				ALWAYS_SEARCH_USER_PATHS = NO;
				CLANG_ANALYZER_NONNULL = YES;
				CLANG_ANALYZER_NUMBER_OBJECT_CONVERSION = YES_AGGRESSIVE;
				CLANG_CXX_LANGUAGE_STANDARD = "gnu++14";
				CLANG_CXX_LIBRARY = "libc++";
				CLANG_ENABLE_MODULES = YES;
				CLANG_ENABLE_OBJC_ARC = YES;
				CLANG_ENABLE_OBJC_WEAK = YES;
				CLANG_WARN_BLOCK_CAPTURE_AUTORELEASING = YES;
				CLANG_WARN_BOOL_CONVERSION = YES;
				CLANG_WARN_COMMA = YES;
				CLANG_WARN_CONSTANT_CONVERSION = YES;
				CLANG_WARN_DEPRECATED_OBJC_IMPLEMENTATIONS = YES;
				CLANG_WARN_DIRECT_OBJC_ISA_USAGE = YES_ERROR;
				CLANG_WARN_DOCUMENTATION_COMMENTS = YES;
				CLANG_WARN_EMPTY_BODY = YES;
				CLANG_WARN_ENUM_CONVERSION = YES;
				CLANG_WARN_INFINITE_RECURSION = YES;
				CLANG_WARN_INT_CONVERSION = YES;
				CLANG_WARN_NON_LITERAL_NULL_CONVERSION = YES;
				CLANG_WARN_OBJC_IMPLICIT_RETAIN_SELF = YES;
				CLANG_WARN_OBJC_LITERAL_CONVERSION = YES;
				CLANG_WARN_OBJC_ROOT_CLASS = YES_ERROR;
				CLANG_WARN_RANGE_LOOP_ANALYSIS = YES;
				CLANG_WARN_STRICT_PROTOTYPES = YES;
				CLANG_WARN_SUSPICIOUS_MOVE = YES;
				CLANG_WARN_UNGUARDED_AVAILABILITY = YES_AGGRESSIVE;
				CLANG_WARN_UNREACHABLE_CODE = YES;
				CLANG_WARN__DUPLICATE_METHOD_MATCH = YES;
				CODE_SIGN_IDENTITY = "iPhone Developer";
				COPY_PHASE_STRIP = NO;
				DEBUG_INFORMATION_FORMAT = "dwarf-with-dsym";
				ENABLE_NS_ASSERTIONS = NO;
				ENABLE_STRICT_OBJC_MSGSEND = YES;
				GCC_C_LANGUAGE_STANDARD = gnu11;
				GCC_NO_COMMON_BLOCKS = YES;
				GCC_WARN_64_TO_32_BIT_CONVERSION = YES;
				GCC_WARN_ABOUT_RETURN_TYPE = YES_ERROR;
				GCC_WARN_UNDECLARED_SELECTOR = YES;
				GCC_WARN_UNINITIALIZED_AUTOS = YES_AGGRESSIVE;
				GCC_WARN_UNUSED_FUNCTION = YES;
				GCC_WARN_UNUSED_VARIABLE = YES;
				IPHONEOS_DEPLOYMENT_TARGET = 12.2;
				MTL_ENABLE_DEBUG_INFO = NO;
				MTL_FAST_MATH = YES;
				SDKROOT = iphoneos;
				SWIFT_COMPILATION_MODE = wholemodule;
				SWIFT_OPTIMIZATION_LEVEL = "-O";
				VALIDATE_PRODUCT = YES;
			};
			name = Release;
		};
		3557CFED2292ACB50024F0D5 /* Debug */ = {
			isa = XCBuildConfiguration;
			buildSettings = {
				ASSETCATALOG_COMPILER_APPICON_NAME = AppIcon;
				CODE_SIGN_STYLE = Automatic;
				INFOPLIST_FILE = List_Master/Info.plist;
				LD_RUNPATH_SEARCH_PATHS = (
					"$(inherited)",
					"@executable_path/Frameworks",
				);
				PRODUCT_BUNDLE_IDENTIFIER = "au.edu.uts.List-Master";
				PRODUCT_NAME = "$(TARGET_NAME)";
				SWIFT_VERSION = 5.0;
				TARGETED_DEVICE_FAMILY = "1,2";
			};
			name = Debug;
		};
		3557CFEE2292ACB50024F0D5 /* Release */ = {
			isa = XCBuildConfiguration;
			buildSettings = {
				ASSETCATALOG_COMPILER_APPICON_NAME = AppIcon;
				CODE_SIGN_STYLE = Automatic;
				INFOPLIST_FILE = List_Master/Info.plist;
				LD_RUNPATH_SEARCH_PATHS = (
					"$(inherited)",
					"@executable_path/Frameworks",
				);
				PRODUCT_BUNDLE_IDENTIFIER = "au.edu.uts.List-Master";
				PRODUCT_NAME = "$(TARGET_NAME)";
				SWIFT_VERSION = 5.0;
				TARGETED_DEVICE_FAMILY = "1,2";
			};
			name = Release;
		};
/* End XCBuildConfiguration section */

/* Begin XCConfigurationList section */
		3557CFD52292ACB40024F0D5 /* Build configuration list for PBXProject "List_Master" */ = {
			isa = XCConfigurationList;
			buildConfigurations = (
				3557CFEA2292ACB50024F0D5 /* Debug */,
				3557CFEB2292ACB50024F0D5 /* Release */,
			);
			defaultConfigurationIsVisible = 0;
			defaultConfigurationName = Release;
		};
		3557CFEC2292ACB50024F0D5 /* Build configuration list for PBXNativeTarget "List_Master" */ = {
			isa = XCConfigurationList;
			buildConfigurations = (
				3557CFED2292ACB50024F0D5 /* Debug */,
				3557CFEE2292ACB50024F0D5 /* Release */,
			);
			defaultConfigurationIsVisible = 0;
			defaultConfigurationName = Release;
		};
/* End XCConfigurationList section */
	};
	rootObject = 3557CFD22292ACB40024F0D5 /* Project object */;
}
